PODS:
  - background_location_2 (0.0.1):
    - Flutter
  - Flutter (1.0.0)

DEPENDENCIES:
  - background_location_2 (from `.symlinks/plugins/background_location_2/ios`)
  - Flutter (from `Flutter`)

EXTERNAL SOURCES:
  background_location_2:
    :path: ".symlinks/plugins/background_location_2/ios"
  Flutter:
    :path: Flutter

SPEC CHECKSUMS:
  background_location_2: 738e207c87ea5ee183a4e234d5766be4cdb019a7
  Flutter: e0871f40cf51350855a761d2e70bf5af5b9b5de7

PODFILE CHECKSUM: c4c93c5f6502fe2754f48404d3594bf779584011

COCOAPODS: 1.16.2
